
Microsoft Visual Studio Solution File, Format Version 11.00
# Visual Studio 2010
Project("{FAE04EC0-301F-11D3-BF4B-00C04F79EFBC}") = "WCF.Config", "WCF.Config\WCF.Config.csproj", "{2720F0E6-84F7-4D89-83AD-568D6423522A}"
EndProject
Project("{FAE04EC0-301F-11D3-BF4B-00C04F79EFBC}") = "WCF.Config.Helper", "WCF.Config.Helper\WCF.Config.Helper.csproj", "{87D6C4EC-09FF-4972-9526-4D16CC5F88E3}"
EndProject
Project("{FAE04EC0-301F-11D3-BF4B-00C04F79EFBC}") = "WCF.Config.Test", "WCF.Config.Test\WCF.Config.Test.csproj", "{9BB9121F-0953-46AD-9454-834E94A0AAD2}"
EndProject
Global
	GlobalSection(SolutionConfigurationPlatforms) = preSolution
		Debug|x86 = Debug|x86
		Release|x86 = Release|x86
		Debug|iPhoneSimulator = Debug|iPhoneSimulator
		Release|iPhoneSimulator = Release|iPhoneSimulator
		Debug|iPhone = Debug|iPhone
		Release|iPhone = Release|iPhone
		Ad-Hoc|iPhone = Ad-Hoc|iPhone
		AppStore|iPhone = AppStore|iPhone
	EndGlobalSection
	GlobalSection(ProjectConfigurationPlatforms) = postSolution
		{2720F0E6-84F7-4D89-83AD-568D6423522A}.Debug|x86.ActiveCfg = Debug|x86
		{2720F0E6-84F7-4D89-83AD-568D6423522A}.Debug|x86.Build.0 = Debug|x86
		{2720F0E6-84F7-4D89-83AD-568D6423522A}.Release|x86.ActiveCfg = Release|x86
		{2720F0E6-84F7-4D89-83AD-568D6423522A}.Release|x86.Build.0 = Release|x86
		{87D6C4EC-09FF-4972-9526-4D16CC5F88E3}.Debug|x86.ActiveCfg = Debug|x86
		{87D6C4EC-09FF-4972-9526-4D16CC5F88E3}.Debug|x86.Build.0 = Debug|x86
		{87D6C4EC-09FF-4972-9526-4D16CC5F88E3}.Release|x86.ActiveCfg = Release|x86
		{87D6C4EC-09FF-4972-9526-4D16CC5F88E3}.Release|x86.Build.0 = Release|x86
		{9BB9121F-0953-46AD-9454-834E94A0AAD2}.Ad-Hoc|iPhone.ActiveCfg = Debug|Any CPU
		{9BB9121F-0953-46AD-9454-834E94A0AAD2}.Ad-Hoc|iPhone.Build.0 = Debug|Any CPU
		{9BB9121F-0953-46AD-9454-834E94A0AAD2}.AppStore|iPhone.ActiveCfg = Debug|Any CPU
		{9BB9121F-0953-46AD-9454-834E94A0AAD2}.AppStore|iPhone.Build.0 = Debug|Any CPU
		{9BB9121F-0953-46AD-9454-834E94A0AAD2}.Debug|iPhone.ActiveCfg = Debug|Any CPU
		{9BB9121F-0953-46AD-9454-834E94A0AAD2}.Debug|iPhone.Build.0 = Debug|Any CPU
		{9BB9121F-0953-46AD-9454-834E94A0AAD2}.Debug|iPhoneSimulator.ActiveCfg = Debug|Any CPU
		{9BB9121F-0953-46AD-9454-834E94A0AAD2}.Debug|iPhoneSimulator.Build.0 = Debug|Any CPU
		{9BB9121F-0953-46AD-9454-834E94A0AAD2}.Debug|x86.ActiveCfg = Debug|Any CPU
		{9BB9121F-0953-46AD-9454-834E94A0AAD2}.Debug|x86.Build.0 = Debug|Any CPU
		{9BB9121F-0953-46AD-9454-834E94A0AAD2}.Release|iPhone.ActiveCfg = Release|Any CPU
		{9BB9121F-0953-46AD-9454-834E94A0AAD2}.Release|iPhone.Build.0 = Release|Any CPU
		{9BB9121F-0953-46AD-9454-834E94A0AAD2}.Release|iPhoneSimulator.ActiveCfg = Release|Any CPU
		{9BB9121F-0953-46AD-9454-834E94A0AAD2}.Release|iPhoneSimulator.Build.0 = Release|Any CPU
		{9BB9121F-0953-46AD-9454-834E94A0AAD2}.Release|x86.ActiveCfg = Release|Any CPU
		{9BB9121F-0953-46AD-9454-834E94A0AAD2}.Release|x86.Build.0 = Release|Any CPU
	EndGlobalSection
	GlobalSection(MonoDevelopProperties) = preSolution
		StartupItem = WCF.Config.Helper\WCF.Config.Helper.csproj
	EndGlobalSection
EndGlobal
